{
  "name": "RevealSubtitles",
  "version": "1.0.0",
  "lockfileVersion": 3,
  "requires": true,
  "packages": {
    "": {
      "name": "RevealSubtitles",
      "version": "1.0.0",
      "license": "ISC",
      "dependencies": {
        "reveal.js": "^5.2.1"
      }
    },
    "node_modules/reveal.js": {
      "version": "5.2.1",
      "license": "MIT",
      "engines": {
        "node": ">=18.0.0"
      }
    }
  }
}
